{
  "version": 4,
  "terraform_version": "0.12.6",
  "serial": 50,
  "lineage": "8d23dfe4-ec51-9ddf-6b4e-8d5d1c4fb57a",
  "outputs": {
    "instance_ip_addr": {
      "value": "35.225.197.88",
      "type": "string"
    }
  },
  "resources": [
    {
      "mode": "managed",
      "type": "google_compute_address",
      "name": "resume",
      "provider": "provider.google",
      "instances": [
        {
          "schema_version": 0,
          "attributes": {
            "address": "35.225.197.88",
            "address_type": "EXTERNAL",
            "creation_timestamp": "2020-03-30T11:49:01.688-07:00",
            "description": "",
            "id": "projects/banded-chimera-272109/regions/us-central1/addresses/self-hosted-resume",
            "name": "self-hosted-resume",
            "network_tier": "PREMIUM",
            "project": "banded-chimera-272109",
            "purpose": "",
            "region": "us-central1",
            "self_link": "https://www.googleapis.com/compute/v1/projects/banded-chimera-272109/regions/us-central1/addresses/self-hosted-resume",
            "subnetwork": "",
            "timeouts": null,
            "users": [
              "https://www.googleapis.com/compute/v1/projects/banded-chimera-272109/zones/us-central1-a/instances/self-hosted-resume"
            ]
          },
          "private": "eyJlMmJmYjczMC1lY2FhLTExZTYtOGY4OC0zNDM2M2JjN2M0YzAiOnsiY3JlYXRlIjoyNDAwMDAwMDAwMDAsImRlbGV0ZSI6MjQwMDAwMDAwMDAwfX0="
        }
      ]
    },
    {
      "mode": "managed",
      "type": "google_compute_instance",
      "name": "resume",
      "provider": "provider.google",
      "instances": [
        {
          "schema_version": 6,
          "attributes": {
            "allow_stopping_for_update": null,
            "attached_disk": [],
            "boot_disk": [
              {
                "auto_delete": true,
                "device_name": "persistent-disk-0",
                "disk_encryption_key_raw": "",
                "disk_encryption_key_sha256": "",
                "initialize_params": [
                  {
                    "image": "https://www.googleapis.com/compute/v1/projects/ubuntu-os-cloud/global/images/ubuntu-1604-xenial-v20200317",
                    "labels": {},
                    "size": 10,
                    "type": "pd-standard"
                  }
                ],
                "kms_key_self_link": "",
                "mode": "READ_WRITE",
                "source": "https://www.googleapis.com/compute/v1/projects/banded-chimera-272109/zones/us-central1-a/disks/self-hosted-resume"
              }
            ],
            "can_ip_forward": false,
            "cpu_platform": "Intel Haswell",
            "current_status": "RUNNING",
            "deletion_protection": false,
            "description": "",
            "desired_status": null,
            "enable_display": false,
            "guest_accelerator": [],
            "hostname": "",
            "id": "projects/banded-chimera-272109/zones/us-central1-a/instances/self-hosted-resume",
            "instance_id": "5869198053380948420",
            "label_fingerprint": "42WmSpB8rSM=",
            "labels": {},
            "machine_type": "f1-micro",
            "metadata": {
              "ssh-keys": "apoorvshrivastava:ssh-rsa AAAAB3NzaC1yc2EAAAADAQABAAABAQDKRUYMl0XjH9gG3pEjMju7qFfYRzbjavQWBsgjpMadD6gfGcl32UKDosjs7xZRZtkWCzjoZlPBS2P8l/VRMKXCnQZGLyRwNwQfM272dIt71d9kFyGdc8fkPUYV0ml0jbx+42t87TLSj71bxOzOOoJJUbFfISH22ifo4qrlsq6SIeNOWGoGCYmQqppqOTt7CnRlsxGeg65+iNL9l2WPOYOObTVuT8XBZwYg+sAm3CY4n+NPEWKAlUeVmRgXwaN2qrG8HROffQpg3KwX+Q9KU+9hB25ht9bdS9J7XS9kH0Yxr8Raqp7/4ne2q77eqijZR6OodFC+zCE1++4KSe/dDxE/ apoorvshrivastava@APPLEs-MacBook-Pro.local\n"
            },
            "metadata_fingerprint": "qeVKXqqOOcg=",
            "metadata_startup_script": "",
            "min_cpu_platform": "",
            "name": "self-hosted-resume",
            "network_interface": [
              {
                "access_config": [
                  {
                    "nat_ip": "35.225.197.88",
                    "network_tier": "PREMIUM",
                    "public_ptr_domain_name": ""
                  }
                ],
                "alias_ip_range": [],
                "name": "nic0",
                "network": "https://www.googleapis.com/compute/v1/projects/banded-chimera-272109/global/networks/default",
                "network_ip": "10.128.0.9",
                "subnetwork": "https://www.googleapis.com/compute/v1/projects/banded-chimera-272109/regions/us-central1/subnetworks/default",
                "subnetwork_project": "banded-chimera-272109"
              }
            ],
            "project": "banded-chimera-272109",
            "scheduling": [
              {
                "automatic_restart": true,
                "node_affinities": [],
                "on_host_maintenance": "MIGRATE",
                "preemptible": false
              }
            ],
            "scratch_disk": [],
            "self_link": "https://www.googleapis.com/compute/v1/projects/banded-chimera-272109/zones/us-central1-a/instances/self-hosted-resume",
            "service_account": [],
            "shielded_instance_config": [
              {
                "enable_integrity_monitoring": true,
                "enable_secure_boot": false,
                "enable_vtpm": true
              }
            ],
            "tags": [
              "http-server",
              "https-server",
              "self-hosted"
            ],
            "tags_fingerprint": "H7NmCjiJGSQ=",
            "timeouts": null,
            "zone": "us-central1-a"
          },
          "private": "eyJlMmJmYjczMC1lY2FhLTExZTYtOGY4OC0zNDM2M2JjN2M0YzAiOnsiY3JlYXRlIjoxMjAwMDAwMDAwMDAwLCJkZWxldGUiOjEyMDAwMDAwMDAwMDAsInVwZGF0ZSI6MTIwMDAwMDAwMDAwMH0sInNjaGVtYV92ZXJzaW9uIjoiNiJ9",
          "depends_on": [
            "google_compute_address.resume"
          ]
        }
      ]
    }
  ]
}
